
Microsoft Visual Studio Solution File, Format Version 12.00
# Visual Studio Version 17
VisualStudioVersion = 17.10.34928.147
MinimumVisualStudioVersion = 10.0.40219.1
Project("{FAE04EC0-301F-11D3-BF4B-00C04F79EFBC}") = "WinForms", "WinForms\WinForms.csproj", "{A85B8A96-7111-4ECF-A06C-07CDE6489AFB}"
EndProject
Global
	GlobalSection(SolutionConfigurationPlatforms) = preSolution
		Debug|Any CPU = Debug|Any CPU
		Release|Any CPU = Release|Any CPU
	EndGlobalSection
	GlobalSection(ProjectConfigurationPlatforms) = postSolution
		{A85B8A96-7111-4ECF-A06C-07CDE6489AFB}.Debug|Any CPU.ActiveCfg = Debug|Any CPU
		{A85B8A96-7111-4ECF-A06C-07CDE6489AFB}.Debug|Any CPU.Build.0 = Debug|Any CPU
		{A85B8A96-7111-4ECF-A06C-07CDE6489AFB}.Release|Any CPU.ActiveCfg = Release|Any CPU
		{A85B8A96-7111-4ECF-A06C-07CDE6489AFB}.Release|Any CPU.Build.0 = Release|Any CPU
	EndGlobalSection
	GlobalSection(SolutionProperties) = preSolution
		HideSolutionNode = FALSE
	EndGlobalSection
	GlobalSection(ExtensibilityGlobals) = postSolution
		SolutionGuid = {6E2BF4B0-F442-4BD0-9057-F3CAA087A82F}
	EndGlobalSection
EndGlobal
